{
    "_readme": [
        "This file locks the dependencies of your project to a known state",
        "Read more about it at https://getcomposer.org/doc/01-basic-usage.md#installing-dependencies",
        "This file is @generated automatically"
    ],
    "content-hash": "d98c381e2af1c112f5e1be762c10cdec",
    "packages": [
        {
            "name": "dartmoon/prestashop-hooks",
            "version": "v0.3.0",
            "source": {
                "type": "git",
                "url": "https://github.com/dartmoon-io/prestashop-hooks.git",
                "reference": "aa6856cdf3ad4278b48e9a79864b8cc6af7f7d0a"
            },
            "dist": {
                "type": "zip",
                "url": "https://api.github.com/repos/dartmoon-io/prestashop-hooks/zipball/aa6856cdf3ad4278b48e9a79864b8cc6af7f7d0a",
                "reference": "aa6856cdf3ad4278b48e9a79864b8cc6af7f7d0a",
                "shasum": ""
            },
            "type": "library",
            "autoload": {
                "psr-4": {
                    "Dartmoon\\Hooks\\": "src/"
                }
            },
            "notification-url": "https://packagist.org/downloads/",
            "license": [
                "MIT"
            ],
            "authors": [
                {
                    "name": "Dartmoon",
                    "email": "hello@dartmoon.io",
                    "homepage": "https://dartmoon.io"
                },
                {
                    "name": "Alessandro Pasqualini",
                    "email": "alessandro@dartmoon.io"
                }
            ],
            "description": "PrestaShop Hooks made OOP",
            "support": {
                "issues": "https://github.com/dartmoon-io/prestashop-hooks/issues",
                "source": "https://github.com/dartmoon-io/prestashop-hooks/tree/v0.3.0"
            },
            "time": "2023-08-21T09:46:50+00:00"
        },
        {
            "name": "dartmoon/prestashop-tabmanager",
            "version": "v0.1.2",
            "source": {
                "type": "git",
                "url": "https://github.com/dartmoon-io/prestashop-tabmanager.git",
                "reference": "4ddb235dee288c0f9684ae3970a934f597acf5d1"
            },
            "dist": {
                "type": "zip",
                "url": "https://api.github.com/repos/dartmoon-io/prestashop-tabmanager/zipball/4ddb235dee288c0f9684ae3970a934f597acf5d1",
                "reference": "4ddb235dee288c0f9684ae3970a934f597acf5d1",
                "shasum": ""
            },
            "require": {
                "dartmoon/prestashop-utils": "^0.1.0"
            },
            "type": "library",
            "autoload": {
                "psr-4": {
                    "Dartmoon\\TabManager\\": "src/"
                }
            },
            "notification-url": "https://packagist.org/downloads/",
            "license": [
                "MIT"
            ],
            "authors": [
                {
                    "name": "Dartmoon",
                    "email": "hello@dartmoon.io",
                    "homepage": "https://dartmoon.io"
                },
                {
                    "name": "Alessandro Pasqualini",
                    "email": "alessandro@dartmoon.io"
                }
            ],
            "description": "Library to easy the creation of backoffice menu tabs for PrestaShop",
            "support": {
                "issues": "https://github.com/dartmoon-io/prestashop-tabmanager/issues",
                "source": "https://github.com/dartmoon-io/prestashop-tabmanager/tree/v0.1.2"
            },
            "time": "2021-04-17T06:28:54+00:00"
        },
        {
            "name": "dartmoon/prestashop-utils",
            "version": "v0.1.0",
            "source": {
                "type": "git",
                "url": "https://github.com/dartmoon-io/prestashop-utils.git",
                "reference": "b12bfb03fb3d4aefcc690303e9bd3c8d3e27302f"
            },
            "dist": {
                "type": "zip",
                "url": "https://api.github.com/repos/dartmoon-io/prestashop-utils/zipball/b12bfb03fb3d4aefcc690303e9bd3c8d3e27302f",
                "reference": "b12bfb03fb3d4aefcc690303e9bd3c8d3e27302f",
                "shasum": ""
            },
            "type": "library",
            "autoload": {
                "psr-4": {
                    "Dartmoon\\Utils\\": "src/"
                }
            },
            "notification-url": "https://packagist.org/downloads/",
            "license": [
                "MIT"
            ],
            "authors": [
                {
                    "name": "Dartmoon",
                    "email": "hello@dartmoon.io",
                    "homepage": "https://dartmoon.io"
                },
                {
                    "name": "Alessandro Pasqualini",
                    "email": "alessandro@dartmoon.io"
                }
            ],
            "description": "PrestaShop Utils is a collection of utils for basic operations for PrestaShop",
            "support": {
                "issues": "https://github.com/dartmoon-io/prestashop-utils/issues",
                "source": "https://github.com/dartmoon-io/prestashop-utils/tree/v0.1.0"
            },
            "time": "2021-03-20T08:47:52+00:00"
        }
    ],
    "packages-dev": [
        {
            "name": "bamarni/composer-bin-plugin",
            "version": "1.8.2",
            "source": {
                "type": "git",
                "url": "https://github.com/bamarni/composer-bin-plugin.git",
                "reference": "92fd7b1e6e9cdae19b0d57369d8ad31a37b6a880"
            },
            "dist": {
                "type": "zip",
                "url": "https://api.github.com/repos/bamarni/composer-bin-plugin/zipball/92fd7b1e6e9cdae19b0d57369d8ad31a37b6a880",
                "reference": "92fd7b1e6e9cdae19b0d57369d8ad31a37b6a880",
                "shasum": ""
            },
            "require": {
                "composer-plugin-api": "^2.0",
                "php": "^7.2.5 || ^8.0"
            },
            "require-dev": {
                "composer/composer": "^2.0",
                "ext-json": "*",
                "phpstan/extension-installer": "^1.1",
                "phpstan/phpstan": "^1.8",
                "phpstan/phpstan-phpunit": "^1.1",
                "phpunit/phpunit": "^8.5 || ^9.5",
                "symfony/console": "^2.8.52 || ^3.4.35 || ^4.4 || ^5.0 || ^6.0",
                "symfony/finder": "^2.8.52 || ^3.4.35 || ^4.4 || ^5.0 || ^6.0",
                "symfony/process": "^2.8.52 || ^3.4.35 || ^4.4 || ^5.0 || ^6.0"
            },
            "type": "composer-plugin",
            "extra": {
                "class": "Bamarni\\Composer\\Bin\\BamarniBinPlugin"
            },
            "autoload": {
                "psr-4": {
                    "Bamarni\\Composer\\Bin\\": "src"
                }
            },
            "notification-url": "https://packagist.org/downloads/",
            "license": [
                "MIT"
            ],
            "description": "No conflicts for your bin dependencies",
            "keywords": [
                "composer",
                "conflict",
                "dependency",
                "executable",
                "isolation",
                "tool"
            ],
            "support": {
                "issues": "https://github.com/bamarni/composer-bin-plugin/issues",
                "source": "https://github.com/bamarni/composer-bin-plugin/tree/1.8.2"
            },
            "time": "2022-10-31T08:38:03+00:00"
        }
    ],
    "aliases": [],
    "minimum-stability": "stable",
    "stability-flags": [],
    "prefer-stable": false,
    "prefer-lowest": false,
    "platform": [],
    "platform-dev": [],
    "plugin-api-version": "2.3.0"
}
